// !$*UTF8*$!
{
	archiveVersion = 1;
	classes = {
	};
	objectVersion = 46;
	objects = {

/* Begin PBXBuildFile section */
		A81F47071D79CF910025F918 /* User.swift in Sources */ = {isa = PBXBuildFile; fileRef = A81F47061D79CF910025F918 /* User.swift */; };
		A81F47091D79D1630025F918 /* UserController.swift in Sources */ = {isa = PBXBuildFile; fileRef = A81F47081D79D1630025F918 /* UserController.swift */; };
		A81F470B1D79D3880025F918 /* UserControllerTests.swift in Sources */ = {isa = PBXBuildFile; fileRef = A81F470A1D79D3880025F918 /* UserControllerTests.swift */; };
		A828D48A1D7E084F001FE199 /* EventFactory.swift in Sources */ = {isa = PBXBuildFile; fileRef = A828D4891D7E084F001FE199 /* EventFactory.swift */; };
		A828D48C1D7E0CB2001FE199 /* ClaimFactory.swift in Sources */ = {isa = PBXBuildFile; fileRef = A828D48B1D7E0CB2001FE199 /* ClaimFactory.swift */; };
		A838367B1D89FF9D0057BFC3 /* CategoryFactory.swift in Sources */ = {isa = PBXBuildFile; fileRef = A838367A1D89FF9D0057BFC3 /* CategoryFactory.swift */; };
		A83836831D8A1A0C0057BFC3 /* CategoryController.swift in Sources */ = {isa = PBXBuildFile; fileRef = A83836821D8A1A0C0057BFC3 /* CategoryController.swift */; };
		A83836851D8A1AE80057BFC3 /* CategoryControllerTests.swift in Sources */ = {isa = PBXBuildFile; fileRef = A83836841D8A1AE80057BFC3 /* CategoryControllerTests.swift */; };
		A83FA6F81D7E113200B9BD0C /* UserFactory.swift in Sources */ = {isa = PBXBuildFile; fileRef = A83FA6F71D7E113200B9BD0C /* UserFactory.swift */; };
		A86786071D87258E00D1A46B /* DemoImages.xcassets in Resources */ = {isa = PBXBuildFile; fileRef = A86786061D87258E00D1A46B /* DemoImages.xcassets */; };
		A8965F2E1D787E4300349EC1 /* Evidence.swift in Sources */ = {isa = PBXBuildFile; fileRef = A8965F2D1D787E4300349EC1 /* Evidence.swift */; };
		A8965F301D7882F600349EC1 /* EvidenceController.swift in Sources */ = {isa = PBXBuildFile; fileRef = A8965F2F1D7882F600349EC1 /* EvidenceController.swift */; };
		A8965F321D7887FA00349EC1 /* EvidenceControllerTests.swift in Sources */ = {isa = PBXBuildFile; fileRef = A8965F311D7887FA00349EC1 /* EvidenceControllerTests.swift */; };
		A8B0808E1D8898B400D793AC /* CategoryTableViewController.swift in Sources */ = {isa = PBXBuildFile; fileRef = A8B0808B1D8898B400D793AC /* CategoryTableViewController.swift */; };
		A8B0808F1D8898B400D793AC /* CategoryTableViewDataSource.swift in Sources */ = {isa = PBXBuildFile; fileRef = A8B0808C1D8898B400D793AC /* CategoryTableViewDataSource.swift */; };
		A8B080901D8898B400D793AC /* CategoryTableViewDelegate.swift in Sources */ = {isa = PBXBuildFile; fileRef = A8B0808D1D8898B400D793AC /* CategoryTableViewDelegate.swift */; };
		A8BD6AB81D75E249004FA825 /* Category.swift in Sources */ = {isa = PBXBuildFile; fileRef = A8BD6AB71D75E249004FA825 /* Category.swift */; };
		A8BD6ABA1D75E3BF004FA825 /* Event.swift in Sources */ = {isa = PBXBuildFile; fileRef = A8BD6AB91D75E3BF004FA825 /* Event.swift */; };
		A8BD6ABE1D75EE70004FA825 /* EventControllerTests.swift in Sources */ = {isa = PBXBuildFile; fileRef = A8BD6ABD1D75EE70004FA825 /* EventControllerTests.swift */; };
		A8C710301D85F85C00205144 /* EventTableViewController.swift in Sources */ = {isa = PBXBuildFile; fileRef = A8C7102D1D85F85C00205144 /* EventTableViewController.swift */; };
		A8C710311D85F85C00205144 /* EventTableViewDataSource.swift in Sources */ = {isa = PBXBuildFile; fileRef = A8C7102E1D85F85C00205144 /* EventTableViewDataSource.swift */; };
		A8C710321D85F85C00205144 /* EventTableViewDelegate.swift in Sources */ = {isa = PBXBuildFile; fileRef = A8C7102F1D85F85C00205144 /* EventTableViewDelegate.swift */; };
		A8C710351D85FB4300205144 /* EventCell.swift in Sources */ = {isa = PBXBuildFile; fileRef = A8C710341D85FB4300205144 /* EventCell.swift */; };
		A8C710371D8616F900205144 /* EventHeaderCell.swift in Sources */ = {isa = PBXBuildFile; fileRef = A8C710361D8616F900205144 /* EventHeaderCell.swift */; };
		A8E4AC731D848D61007F7C31 /* ModelController.swift in Sources */ = {isa = PBXBuildFile; fileRef = A8E4AC721D848D61007F7C31 /* ModelController.swift */; };
		A8E4D8471D74E56900AFA1FE /* AppDelegate.swift in Sources */ = {isa = PBXBuildFile; fileRef = A8E4D8461D74E56900AFA1FE /* AppDelegate.swift */; };
		A8E4D84E1D74E56900AFA1FE /* Main.storyboard in Resources */ = {isa = PBXBuildFile; fileRef = A8E4D84C1D74E56900AFA1FE /* Main.storyboard */; };
		A8E4D8501D74E56900AFA1FE /* Assets.xcassets in Resources */ = {isa = PBXBuildFile; fileRef = A8E4D84F1D74E56900AFA1FE /* Assets.xcassets */; };
		A8E4D8531D74E56900AFA1FE /* LaunchScreen.storyboard in Resources */ = {isa = PBXBuildFile; fileRef = A8E4D8511D74E56900AFA1FE /* LaunchScreen.storyboard */; };
		A8E4D8691D74E56A00AFA1FE /* BiasBikeUITests.swift in Sources */ = {isa = PBXBuildFile; fileRef = A8E4D8681D74E56A00AFA1FE /* BiasBikeUITests.swift */; };
		A8E73E2F1D7776690098FAC0 /* Claim.swift in Sources */ = {isa = PBXBuildFile; fileRef = A8E73E2E1D7776690098FAC0 /* Claim.swift */; };
		A8E73E311D777A230098FAC0 /* EventController.swift in Sources */ = {isa = PBXBuildFile; fileRef = A8E73E301D777A230098FAC0 /* EventController.swift */; };
		A8E73E331D777AA90098FAC0 /* ClaimController.swift in Sources */ = {isa = PBXBuildFile; fileRef = A8E73E321D777AA90098FAC0 /* ClaimController.swift */; };
		A8E73E351D77870F0098FAC0 /* ClaimControllerTests.swift in Sources */ = {isa = PBXBuildFile; fileRef = A8E73E341D77870F0098FAC0 /* ClaimControllerTests.swift */; };
		A8E9A6051D7E0F0400BB8C8F /* EvidenceFactory.swift in Sources */ = {isa = PBXBuildFile; fileRef = A8E9A6041D7E0F0400BB8C8F /* EvidenceFactory.swift */; };
		A8EA7F331D84BDAE0055711B /* ModelControllerTests.swift in Sources */ = {isa = PBXBuildFile; fileRef = A8EA7F321D84BDAE0055711B /* ModelControllerTests.swift */; };
/* End PBXBuildFile section */

/* Begin PBXContainerItemProxy section */
		A8E4D85A1D74E56A00AFA1FE /* PBXContainerItemProxy */ = {
			isa = PBXContainerItemProxy;
			containerPortal = A8E4D83B1D74E56900AFA1FE /* Project object */;
			proxyType = 1;
			remoteGlobalIDString = A8E4D8421D74E56900AFA1FE;
			remoteInfo = BiasBike;
		};
		A8E4D8651D74E56A00AFA1FE /* PBXContainerItemProxy */ = {
			isa = PBXContainerItemProxy;
			containerPortal = A8E4D83B1D74E56900AFA1FE /* Project object */;
			proxyType = 1;
			remoteGlobalIDString = A8E4D8421D74E56900AFA1FE;
			remoteInfo = BiasBike;
		};
/* End PBXContainerItemProxy section */

/* Begin PBXFileReference section */
		A81F47061D79CF910025F918 /* User.swift */ = {isa = PBXFileReference; fileEncoding = 4; lastKnownFileType = sourcecode.swift; path = User.swift; sourceTree = "<group>"; };
		A81F47081D79D1630025F918 /* UserController.swift */ = {isa = PBXFileReference; fileEncoding = 4; lastKnownFileType = sourcecode.swift; path = UserController.swift; sourceTree = "<group>"; };
		A81F470A1D79D3880025F918 /* UserControllerTests.swift */ = {isa = PBXFileReference; fileEncoding = 4; lastKnownFileType = sourcecode.swift; path = UserControllerTests.swift; sourceTree = "<group>"; };
		A828D4891D7E084F001FE199 /* EventFactory.swift */ = {isa = PBXFileReference; fileEncoding = 4; lastKnownFileType = sourcecode.swift; path = EventFactory.swift; sourceTree = "<group>"; };
		A828D48B1D7E0CB2001FE199 /* ClaimFactory.swift */ = {isa = PBXFileReference; fileEncoding = 4; lastKnownFileType = sourcecode.swift; path = ClaimFactory.swift; sourceTree = "<group>"; };
		A838367A1D89FF9D0057BFC3 /* CategoryFactory.swift */ = {isa = PBXFileReference; fileEncoding = 4; lastKnownFileType = sourcecode.swift; path = CategoryFactory.swift; sourceTree = "<group>"; };
		A83836821D8A1A0C0057BFC3 /* CategoryController.swift */ = {isa = PBXFileReference; fileEncoding = 4; lastKnownFileType = sourcecode.swift; path = CategoryController.swift; sourceTree = "<group>"; };
		A83836841D8A1AE80057BFC3 /* CategoryControllerTests.swift */ = {isa = PBXFileReference; fileEncoding = 4; lastKnownFileType = sourcecode.swift; path = CategoryControllerTests.swift; sourceTree = "<group>"; };
		A83FA6F71D7E113200B9BD0C /* UserFactory.swift */ = {isa = PBXFileReference; fileEncoding = 4; lastKnownFileType = sourcecode.swift; path = UserFactory.swift; sourceTree = "<group>"; };
		A86786061D87258E00D1A46B /* DemoImages.xcassets */ = {isa = PBXFileReference; lastKnownFileType = folder.assetcatalog; path = DemoImages.xcassets; sourceTree = "<group>"; };
		A8965F2D1D787E4300349EC1 /* Evidence.swift */ = {isa = PBXFileReference; fileEncoding = 4; lastKnownFileType = sourcecode.swift; path = Evidence.swift; sourceTree = "<group>"; };
		A8965F2F1D7882F600349EC1 /* EvidenceController.swift */ = {isa = PBXFileReference; fileEncoding = 4; lastKnownFileType = sourcecode.swift; path = EvidenceController.swift; sourceTree = "<group>"; };
		A8965F311D7887FA00349EC1 /* EvidenceControllerTests.swift */ = {isa = PBXFileReference; fileEncoding = 4; lastKnownFileType = sourcecode.swift; path = EvidenceControllerTests.swift; sourceTree = "<group>"; };
		A8B0808B1D8898B400D793AC /* CategoryTableViewController.swift */ = {isa = PBXFileReference; fileEncoding = 4; lastKnownFileType = sourcecode.swift; path = CategoryTableViewController.swift; sourceTree = "<group>"; };
		A8B0808C1D8898B400D793AC /* CategoryTableViewDataSource.swift */ = {isa = PBXFileReference; fileEncoding = 4; lastKnownFileType = sourcecode.swift; path = CategoryTableViewDataSource.swift; sourceTree = "<group>"; };
		A8B0808D1D8898B400D793AC /* CategoryTableViewDelegate.swift */ = {isa = PBXFileReference; fileEncoding = 4; lastKnownFileType = sourcecode.swift; path = CategoryTableViewDelegate.swift; sourceTree = "<group>"; };
		A8BD6AB71D75E249004FA825 /* Category.swift */ = {isa = PBXFileReference; fileEncoding = 4; lastKnownFileType = sourcecode.swift; path = Category.swift; sourceTree = "<group>"; };
		A8BD6AB91D75E3BF004FA825 /* Event.swift */ = {isa = PBXFileReference; fileEncoding = 4; lastKnownFileType = sourcecode.swift; path = Event.swift; sourceTree = "<group>"; };
		A8BD6ABD1D75EE70004FA825 /* EventControllerTests.swift */ = {isa = PBXFileReference; fileEncoding = 4; lastKnownFileType = sourcecode.swift; path = EventControllerTests.swift; sourceTree = "<group>"; };
		A8C7102D1D85F85C00205144 /* EventTableViewController.swift */ = {isa = PBXFileReference; fileEncoding = 4; lastKnownFileType = sourcecode.swift; path = EventTableViewController.swift; sourceTree = "<group>"; };
		A8C7102E1D85F85C00205144 /* EventTableViewDataSource.swift */ = {isa = PBXFileReference; fileEncoding = 4; lastKnownFileType = sourcecode.swift; path = EventTableViewDataSource.swift; sourceTree = "<group>"; };
		A8C7102F1D85F85C00205144 /* EventTableViewDelegate.swift */ = {isa = PBXFileReference; fileEncoding = 4; lastKnownFileType = sourcecode.swift; path = EventTableViewDelegate.swift; sourceTree = "<group>"; };
		A8C710341D85FB4300205144 /* EventCell.swift */ = {isa = PBXFileReference; fileEncoding = 4; lastKnownFileType = sourcecode.swift; path = EventCell.swift; sourceTree = "<group>"; };
		A8C710361D8616F900205144 /* EventHeaderCell.swift */ = {isa = PBXFileReference; fileEncoding = 4; lastKnownFileType = sourcecode.swift; path = EventHeaderCell.swift; sourceTree = "<group>"; };
		A8E4AC721D848D61007F7C31 /* ModelController.swift */ = {isa = PBXFileReference; fileEncoding = 4; lastKnownFileType = sourcecode.swift; path = ModelController.swift; sourceTree = "<group>"; };
		A8E4D8431D74E56900AFA1FE /* BiasBike.app */ = {isa = PBXFileReference; explicitFileType = wrapper.application; includeInIndex = 0; path = BiasBike.app; sourceTree = BUILT_PRODUCTS_DIR; };
		A8E4D8461D74E56900AFA1FE /* AppDelegate.swift */ = {isa = PBXFileReference; lastKnownFileType = sourcecode.swift; path = AppDelegate.swift; sourceTree = "<group>"; };
		A8E4D84D1D74E56900AFA1FE /* Base */ = {isa = PBXFileReference; lastKnownFileType = file.storyboard; name = Base; path = Base.lproj/Main.storyboard; sourceTree = "<group>"; };
		A8E4D84F1D74E56900AFA1FE /* Assets.xcassets */ = {isa = PBXFileReference; lastKnownFileType = folder.assetcatalog; path = Assets.xcassets; sourceTree = "<group>"; };
		A8E4D8521D74E56900AFA1FE /* Base */ = {isa = PBXFileReference; lastKnownFileType = file.storyboard; name = Base; path = Base.lproj/LaunchScreen.storyboard; sourceTree = "<group>"; };
		A8E4D8591D74E56A00AFA1FE /* BiasBikeTests.xctest */ = {isa = PBXFileReference; explicitFileType = wrapper.cfbundle; includeInIndex = 0; path = BiasBikeTests.xctest; sourceTree = BUILT_PRODUCTS_DIR; };
		A8E4D85F1D74E56A00AFA1FE /* Info.plist */ = {isa = PBXFileReference; lastKnownFileType = text.plist.xml; path = Info.plist; sourceTree = "<group>"; };
		A8E4D8641D74E56A00AFA1FE /* BiasBikeUITests.xctest */ = {isa = PBXFileReference; explicitFileType = wrapper.cfbundle; includeInIndex = 0; path = BiasBikeUITests.xctest; sourceTree = BUILT_PRODUCTS_DIR; };
		A8E4D8681D74E56A00AFA1FE /* BiasBikeUITests.swift */ = {isa = PBXFileReference; lastKnownFileType = sourcecode.swift; path = BiasBikeUITests.swift; sourceTree = "<group>"; };
		A8E4D86A1D74E56A00AFA1FE /* Info.plist */ = {isa = PBXFileReference; lastKnownFileType = text.plist.xml; path = Info.plist; sourceTree = "<group>"; };
		A8E4D8801D74EA3700AFA1FE /* Info.plist */ = {isa = PBXFileReference; fileEncoding = 4; lastKnownFileType = text.plist.xml; path = Info.plist; sourceTree = "<group>"; };
		A8E73E2E1D7776690098FAC0 /* Claim.swift */ = {isa = PBXFileReference; fileEncoding = 4; lastKnownFileType = sourcecode.swift; path = Claim.swift; sourceTree = "<group>"; };
		A8E73E301D777A230098FAC0 /* EventController.swift */ = {isa = PBXFileReference; fileEncoding = 4; lastKnownFileType = sourcecode.swift; path = EventController.swift; sourceTree = "<group>"; };
		A8E73E321D777AA90098FAC0 /* ClaimController.swift */ = {isa = PBXFileReference; fileEncoding = 4; lastKnownFileType = sourcecode.swift; path = ClaimController.swift; sourceTree = "<group>"; };
		A8E73E341D77870F0098FAC0 /* ClaimControllerTests.swift */ = {isa = PBXFileReference; fileEncoding = 4; lastKnownFileType = sourcecode.swift; path = ClaimControllerTests.swift; sourceTree = "<group>"; };
		A8E9A6041D7E0F0400BB8C8F /* EvidenceFactory.swift */ = {isa = PBXFileReference; fileEncoding = 4; lastKnownFileType = sourcecode.swift; path = EvidenceFactory.swift; sourceTree = "<group>"; };
		A8EA7F321D84BDAE0055711B /* ModelControllerTests.swift */ = {isa = PBXFileReference; fileEncoding = 4; lastKnownFileType = sourcecode.swift; path = ModelControllerTests.swift; sourceTree = "<group>"; };
/* End PBXFileReference section */

/* Begin PBXFrameworksBuildPhase section */
		A8E4D8401D74E56900AFA1FE /* Frameworks */ = {
			isa = PBXFrameworksBuildPhase;
			buildActionMask = 2147483647;
			files = (
			);
			runOnlyForDeploymentPostprocessing = 0;
		};
		A8E4D8561D74E56A00AFA1FE /* Frameworks */ = {
			isa = PBXFrameworksBuildPhase;
			buildActionMask = 2147483647;
			files = (
			);
			runOnlyForDeploymentPostprocessing = 0;
		};
		A8E4D8611D74E56A00AFA1FE /* Frameworks */ = {
			isa = PBXFrameworksBuildPhase;
			buildActionMask = 2147483647;
			files = (
			);
			runOnlyForDeploymentPostprocessing = 0;
		};
/* End PBXFrameworksBuildPhase section */

/* Begin PBXGroup section */
		A828D4881D7E0830001FE199 /* factories */ = {
			isa = PBXGroup;
			children = (
				A838367A1D89FF9D0057BFC3 /* CategoryFactory.swift */,
				A828D48B1D7E0CB2001FE199 /* ClaimFactory.swift */,
				A828D4891D7E084F001FE199 /* EventFactory.swift */,
				A8E9A6041D7E0F0400BB8C8F /* EvidenceFactory.swift */,
				A83FA6F71D7E113200B9BD0C /* UserFactory.swift */,
			);
			path = factories;
			sourceTree = "<group>";
		};
		A83836801D8A15B40057BFC3 /* Category */ = {
			isa = PBXGroup;
			children = (
				A83836821D8A1A0C0057BFC3 /* CategoryController.swift */,
				A8B0808B1D8898B400D793AC /* CategoryTableViewController.swift */,
				A8B0808C1D8898B400D793AC /* CategoryTableViewDataSource.swift */,
				A8B0808D1D8898B400D793AC /* CategoryTableViewDelegate.swift */,
			);
			name = Category;
			sourceTree = "<group>";
		};
		A83836811D8A15BE0057BFC3 /* Event */ = {
			isa = PBXGroup;
			children = (
				A8E73E301D777A230098FAC0 /* EventController.swift */,
				A8C7102D1D85F85C00205144 /* EventTableViewController.swift */,
				A8C7102E1D85F85C00205144 /* EventTableViewDataSource.swift */,
				A8C7102F1D85F85C00205144 /* EventTableViewDelegate.swift */,
			);
			name = Event;
			sourceTree = "<group>";
		};
		A8C710331D85FB0400205144 /* cells */ = {
			isa = PBXGroup;
			children = (
				A8C710341D85FB4300205144 /* EventCell.swift */,
				A8C710361D8616F900205144 /* EventHeaderCell.swift */,
			);
			path = cells;
			sourceTree = "<group>";
		};
		A8E4D83A1D74E56900AFA1FE = {
			isa = PBXGroup;
			children = (
				A8E4D8451D74E56900AFA1FE /* BiasBike */,
				A8E4D85C1D74E56A00AFA1FE /* BiasBikeTests */,
				A8E4D8671D74E56A00AFA1FE /* BiasBikeUITests */,
				A8E4D8441D74E56900AFA1FE /* Products */,
			);
			sourceTree = "<group>";
		};
		A8E4D8441D74E56900AFA1FE /* Products */ = {
			isa = PBXGroup;
			children = (
				A8E4D8431D74E56900AFA1FE /* BiasBike.app */,
				A8E4D8591D74E56A00AFA1FE /* BiasBikeTests.xctest */,
				A8E4D8641D74E56A00AFA1FE /* BiasBikeUITests.xctest */,
			);
			name = Products;
			sourceTree = "<group>";
		};
		A8E4D8451D74E56900AFA1FE /* BiasBike */ = {
			isa = PBXGroup;
			children = (
				A8E4D8461D74E56900AFA1FE /* AppDelegate.swift */,
				A8E4D84C1D74E56900AFA1FE /* Main.storyboard */,
				A8E4D84F1D74E56900AFA1FE /* Assets.xcassets */,
				A8E4D8511D74E56900AFA1FE /* LaunchScreen.storyboard */,
				A8E4D87A1D74E9E700AFA1FE /* storyboards */,
				A828D4881D7E0830001FE199 /* factories */,
				A8E4D8771D74E9C000AFA1FE /* models */,
				A8C710331D85FB0400205144 /* cells */,
				A8E4D8761D74E9B300AFA1FE /* controllers */,
				A8E4D8781D74E9CE00AFA1FE /* protocols */,
				A8E4D8791D74E9DB00AFA1FE /* services */,
				A8E4D87B1D74E9FB00AFA1FE /* Supporting Files */,
			);
			path = BiasBike;
			sourceTree = "<group>";
		};
		A8E4D85C1D74E56A00AFA1FE /* BiasBikeTests */ = {
			isa = PBXGroup;
			children = (
				A8E4D85F1D74E56A00AFA1FE /* Info.plist */,
				A83836841D8A1AE80057BFC3 /* CategoryControllerTests.swift */,
				A8E73E341D77870F0098FAC0 /* ClaimControllerTests.swift */,
				A8BD6ABD1D75EE70004FA825 /* EventControllerTests.swift */,
				A8965F311D7887FA00349EC1 /* EvidenceControllerTests.swift */,
				A8EA7F321D84BDAE0055711B /* ModelControllerTests.swift */,
				A81F470A1D79D3880025F918 /* UserControllerTests.swift */,
			);
			path = BiasBikeTests;
			sourceTree = "<group>";
		};
		A8E4D8671D74E56A00AFA1FE /* BiasBikeUITests */ = {
			isa = PBXGroup;
			children = (
				A8E4D8681D74E56A00AFA1FE /* BiasBikeUITests.swift */,
				A8E4D86A1D74E56A00AFA1FE /* Info.plist */,
			);
			path = BiasBikeUITests;
			sourceTree = "<group>";
		};
		A8E4D8761D74E9B300AFA1FE /* controllers */ = {
			isa = PBXGroup;
			children = (
				A83836811D8A15BE0057BFC3 /* Event */,
				A83836801D8A15B40057BFC3 /* Category */,
				A8E73E321D777AA90098FAC0 /* ClaimController.swift */,
				A8965F2F1D7882F600349EC1 /* EvidenceController.swift */,
				A8E4AC721D848D61007F7C31 /* ModelController.swift */,
				A81F47081D79D1630025F918 /* UserController.swift */,
			);
			path = controllers;
			sourceTree = "<group>";
		};
		A8E4D8771D74E9C000AFA1FE /* models */ = {
			isa = PBXGroup;
			children = (
				A8BD6AB71D75E249004FA825 /* Category.swift */,
				A8E73E2E1D7776690098FAC0 /* Claim.swift */,
				A8BD6AB91D75E3BF004FA825 /* Event.swift */,
				A8965F2D1D787E4300349EC1 /* Evidence.swift */,
				A81F47061D79CF910025F918 /* User.swift */,
			);
			path = models;
			sourceTree = "<group>";
		};
		A8E4D8781D74E9CE00AFA1FE /* protocols */ = {
			isa = PBXGroup;
			children = (
			);
			path = protocols;
			sourceTree = "<group>";
		};
		A8E4D8791D74E9DB00AFA1FE /* services */ = {
			isa = PBXGroup;
			children = (
			);
			path = services;
			sourceTree = "<group>";
		};
		A8E4D87A1D74E9E700AFA1FE /* storyboards */ = {
			isa = PBXGroup;
			children = (
			);
			path = storyboards;
			sourceTree = "<group>";
		};
		A8E4D87B1D74E9FB00AFA1FE /* Supporting Files */ = {
			isa = PBXGroup;
			children = (
				A8E4D8801D74EA3700AFA1FE /* Info.plist */,
				A86786061D87258E00D1A46B /* DemoImages.xcassets */,
			);
			path = "Supporting Files";
			sourceTree = "<group>";
		};
/* End PBXGroup section */

/* Begin PBXNativeTarget section */
		A8E4D8421D74E56900AFA1FE /* BiasBike */ = {
			isa = PBXNativeTarget;
			buildConfigurationList = A8E4D86D1D74E56A00AFA1FE /* Build configuration list for PBXNativeTarget "BiasBike" */;
			buildPhases = (
				A8E4D83F1D74E56900AFA1FE /* Sources */,
				A8E4D8401D74E56900AFA1FE /* Frameworks */,
				A8E4D8411D74E56900AFA1FE /* Resources */,
			);
			buildRules = (
			);
			dependencies = (
			);
			name = BiasBike;
			productName = BiasBike;
			productReference = A8E4D8431D74E56900AFA1FE /* BiasBike.app */;
			productType = "com.apple.product-type.application";
		};
		A8E4D8581D74E56A00AFA1FE /* BiasBikeTests */ = {
			isa = PBXNativeTarget;
			buildConfigurationList = A8E4D8701D74E56A00AFA1FE /* Build configuration list for PBXNativeTarget "BiasBikeTests" */;
			buildPhases = (
				A8E4D8551D74E56A00AFA1FE /* Sources */,
				A8E4D8561D74E56A00AFA1FE /* Frameworks */,
				A8E4D8571D74E56A00AFA1FE /* Resources */,
			);
			buildRules = (
			);
			dependencies = (
				A8E4D85B1D74E56A00AFA1FE /* PBXTargetDependency */,
			);
			name = BiasBikeTests;
			productName = BiasBikeTests;
			productReference = A8E4D8591D74E56A00AFA1FE /* BiasBikeTests.xctest */;
			productType = "com.apple.product-type.bundle.unit-test";
		};
		A8E4D8631D74E56A00AFA1FE /* BiasBikeUITests */ = {
			isa = PBXNativeTarget;
			buildConfigurationList = A8E4D8731D74E56A00AFA1FE /* Build configuration list for PBXNativeTarget "BiasBikeUITests" */;
			buildPhases = (
				A8E4D8601D74E56A00AFA1FE /* Sources */,
				A8E4D8611D74E56A00AFA1FE /* Frameworks */,
				A8E4D8621D74E56A00AFA1FE /* Resources */,
			);
			buildRules = (
			);
			dependencies = (
				A8E4D8661D74E56A00AFA1FE /* PBXTargetDependency */,
			);
			name = BiasBikeUITests;
			productName = BiasBikeUITests;
			productReference = A8E4D8641D74E56A00AFA1FE /* BiasBikeUITests.xctest */;
			productType = "com.apple.product-type.bundle.ui-testing";
		};
/* End PBXNativeTarget section */

/* Begin PBXProject section */
		A8E4D83B1D74E56900AFA1FE /* Project object */ = {
			isa = PBXProject;
			attributes = {
				LastSwiftUpdateCheck = 0800;
				LastUpgradeCheck = 0800;
				ORGANIZATIONNAME = tiguer;
				TargetAttributes = {
					A8E4D8421D74E56900AFA1FE = {
						CreatedOnToolsVersion = 8.0;
						DevelopmentTeam = 462PHCYTGY;
						ProvisioningStyle = Automatic;
					};
					A8E4D8581D74E56A00AFA1FE = {
						CreatedOnToolsVersion = 8.0;
						DevelopmentTeam = 462PHCYTGY;
						LastSwiftMigration = 0800;
						ProvisioningStyle = Automatic;
						TestTargetID = A8E4D8421D74E56900AFA1FE;
					};
					A8E4D8631D74E56A00AFA1FE = {
						CreatedOnToolsVersion = 8.0;
						DevelopmentTeam = 462PHCYTGY;
						ProvisioningStyle = Automatic;
						TestTargetID = A8E4D8421D74E56900AFA1FE;
					};
				};
			};
			buildConfigurationList = A8E4D83E1D74E56900AFA1FE /* Build configuration list for PBXProject "BiasBike" */;
			compatibilityVersion = "Xcode 3.2";
			developmentRegion = English;
			hasScannedForEncodings = 0;
			knownRegions = (
				en,
				Base,
			);
			mainGroup = A8E4D83A1D74E56900AFA1FE;
			productRefGroup = A8E4D8441D74E56900AFA1FE /* Products */;
			projectDirPath = "";
			projectRoot = "";
			targets = (
				A8E4D8421D74E56900AFA1FE /* BiasBike */,
				A8E4D8581D74E56A00AFA1FE /* BiasBikeTests */,
				A8E4D8631D74E56A00AFA1FE /* BiasBikeUITests */,
			);
		};
/* End PBXProject section */

/* Begin PBXResourcesBuildPhase section */
		A8E4D8411D74E56900AFA1FE /* Resources */ = {
			isa = PBXResourcesBuildPhase;
			buildActionMask = 2147483647;
			files = (
				A8E4D8531D74E56900AFA1FE /* LaunchScreen.storyboard in Resources */,
				A8E4D8501D74E56900AFA1FE /* Assets.xcassets in Resources */,
				A86786071D87258E00D1A46B /* DemoImages.xcassets in Resources */,
				A8E4D84E1D74E56900AFA1FE /* Main.storyboard in Resources */,
			);
			runOnlyForDeploymentPostprocessing = 0;
		};
		A8E4D8571D74E56A00AFA1FE /* Resources */ = {
			isa = PBXResourcesBuildPhase;
			buildActionMask = 2147483647;
			files = (
			);
			runOnlyForDeploymentPostprocessing = 0;
		};
		A8E4D8621D74E56A00AFA1FE /* Resources */ = {
			isa = PBXResourcesBuildPhase;
			buildActionMask = 2147483647;
			files = (
			);
			runOnlyForDeploymentPostprocessing = 0;
		};
/* End PBXResourcesBuildPhase section */

/* Begin PBXSourcesBuildPhase section */
		A8E4D83F1D74E56900AFA1FE /* Sources */ = {
			isa = PBXSourcesBuildPhase;
			buildActionMask = 2147483647;
			files = (
				A838367B1D89FF9D0057BFC3 /* CategoryFactory.swift in Sources */,
				A83836831D8A1A0C0057BFC3 /* CategoryController.swift in Sources */,
				A8C710311D85F85C00205144 /* EventTableViewDataSource.swift in Sources */,
				A8E73E2F1D7776690098FAC0 /* Claim.swift in Sources */,
				A8965F301D7882F600349EC1 /* EvidenceController.swift in Sources */,
				A8C710301D85F85C00205144 /* EventTableViewController.swift in Sources */,
				A8E4AC731D848D61007F7C31 /* ModelController.swift in Sources */,
				A83FA6F81D7E113200B9BD0C /* UserFactory.swift in Sources */,
				A8B0808F1D8898B400D793AC /* CategoryTableViewDataSource.swift in Sources */,
				A8965F2E1D787E4300349EC1 /* Evidence.swift in Sources */,
				A8E73E331D777AA90098FAC0 /* ClaimController.swift in Sources */,
				A8C710351D85FB4300205144 /* EventCell.swift in Sources */,
				A828D48C1D7E0CB2001FE199 /* ClaimFactory.swift in Sources */,
				A8E4D8471D74E56900AFA1FE /* AppDelegate.swift in Sources */,
				A8C710371D8616F900205144 /* EventHeaderCell.swift in Sources */,
				A81F47091D79D1630025F918 /* UserController.swift in Sources */,
				A828D48A1D7E084F001FE199 /* EventFactory.swift in Sources */,
				A8B0808E1D8898B400D793AC /* CategoryTableViewController.swift in Sources */,
				A8BD6AB81D75E249004FA825 /* Category.swift in Sources */,
				A8E73E311D777A230098FAC0 /* EventController.swift in Sources */,
				A8E9A6051D7E0F0400BB8C8F /* EvidenceFactory.swift in Sources */,
				A8BD6ABA1D75E3BF004FA825 /* Event.swift in Sources */,
				A81F47071D79CF910025F918 /* User.swift in Sources */,
				A8B080901D8898B400D793AC /* CategoryTableViewDelegate.swift in Sources */,
				A8C710321D85F85C00205144 /* EventTableViewDelegate.swift in Sources */,
			);
			runOnlyForDeploymentPostprocessing = 0;
		};
		A8E4D8551D74E56A00AFA1FE /* Sources */ = {
			isa = PBXSourcesBuildPhase;
			buildActionMask = 2147483647;
			files = (
				A8E73E351D77870F0098FAC0 /* ClaimControllerTests.swift in Sources */,
				A8BD6ABE1D75EE70004FA825 /* EventControllerTests.swift in Sources */,
				A81F470B1D79D3880025F918 /* UserControllerTests.swift in Sources */,
				A83836851D8A1AE80057BFC3 /* CategoryControllerTests.swift in Sources */,
				A8965F321D7887FA00349EC1 /* EvidenceControllerTests.swift in Sources */,
				A8EA7F331D84BDAE0055711B /* ModelControllerTests.swift in Sources */,
			);
			runOnlyForDeploymentPostprocessing = 0;
		};
		A8E4D8601D74E56A00AFA1FE /* Sources */ = {
			isa = PBXSourcesBuildPhase;
			buildActionMask = 2147483647;
			files = (
				A8E4D8691D74E56A00AFA1FE /* BiasBikeUITests.swift in Sources */,
			);
			runOnlyForDeploymentPostprocessing = 0;
		};
/* End PBXSourcesBuildPhase section */

/* Begin PBXTargetDependency section */
		A8E4D85B1D74E56A00AFA1FE /* PBXTargetDependency */ = {
			isa = PBXTargetDependency;
			target = A8E4D8421D74E56900AFA1FE /* BiasBike */;
			targetProxy = A8E4D85A1D74E56A00AFA1FE /* PBXContainerItemProxy */;
		};
		A8E4D8661D74E56A00AFA1FE /* PBXTargetDependency */ = {
			isa = PBXTargetDependency;
			target = A8E4D8421D74E56900AFA1FE /* BiasBike */;
			targetProxy = A8E4D8651D74E56A00AFA1FE /* PBXContainerItemProxy */;
		};
/* End PBXTargetDependency section */

/* Begin PBXVariantGroup section */
		A8E4D84C1D74E56900AFA1FE /* Main.storyboard */ = {
			isa = PBXVariantGroup;
			children = (
				A8E4D84D1D74E56900AFA1FE /* Base */,
			);
			name = Main.storyboard;
			sourceTree = "<group>";
		};
		A8E4D8511D74E56900AFA1FE /* LaunchScreen.storyboard */ = {
			isa = PBXVariantGroup;
			children = (
				A8E4D8521D74E56900AFA1FE /* Base */,
			);
			name = LaunchScreen.storyboard;
			sourceTree = "<group>";
		};
/* End PBXVariantGroup section */

/* Begin XCBuildConfiguration section */
		A8E4D86B1D74E56A00AFA1FE /* Debug */ = {
			isa = XCBuildConfiguration;
			buildSettings = {
				ALWAYS_SEARCH_USER_PATHS = NO;
				CLANG_ANALYZER_NONNULL = YES;
				CLANG_CXX_LANGUAGE_STANDARD = "gnu++0x";
				CLANG_CXX_LIBRARY = "libc++";
				CLANG_ENABLE_MODULES = YES;
				CLANG_ENABLE_OBJC_ARC = YES;
				CLANG_WARN_BOOL_CONVERSION = YES;
				CLANG_WARN_CONSTANT_CONVERSION = YES;
				CLANG_WARN_DIRECT_OBJC_ISA_USAGE = YES_ERROR;
				CLANG_WARN_DOCUMENTATION_COMMENTS = YES;
				CLANG_WARN_EMPTY_BODY = YES;
				CLANG_WARN_ENUM_CONVERSION = YES;
				CLANG_WARN_INFINITE_RECURSION = YES;
				CLANG_WARN_INT_CONVERSION = YES;
				CLANG_WARN_OBJC_ROOT_CLASS = YES_ERROR;
				CLANG_WARN_SUSPICIOUS_MOVES = YES;
				CLANG_WARN_UNREACHABLE_CODE = YES;
				CLANG_WARN__DUPLICATE_METHOD_MATCH = YES;
				CODE_SIGN_IDENTITY = "iPhone Developer";
				"CODE_SIGN_IDENTITY[sdk=iphoneos*]" = "iPhone Developer";
				COPY_PHASE_STRIP = NO;
				DEBUG_INFORMATION_FORMAT = dwarf;
				ENABLE_STRICT_OBJC_MSGSEND = YES;
				ENABLE_TESTABILITY = YES;
				GCC_C_LANGUAGE_STANDARD = gnu99;
				GCC_DYNAMIC_NO_PIC = NO;
				GCC_NO_COMMON_BLOCKS = YES;
				GCC_OPTIMIZATION_LEVEL = 0;
				GCC_PREPROCESSOR_DEFINITIONS = (
					"DEBUG=1",
					"$(inherited)",
				);
				GCC_WARN_64_TO_32_BIT_CONVERSION = YES;
				GCC_WARN_ABOUT_RETURN_TYPE = YES_ERROR;
				GCC_WARN_UNDECLARED_SELECTOR = YES;
				GCC_WARN_UNINITIALIZED_AUTOS = YES_AGGRESSIVE;
				GCC_WARN_UNUSED_FUNCTION = YES;
				GCC_WARN_UNUSED_VARIABLE = YES;
				IPHONEOS_DEPLOYMENT_TARGET = 10.0;
				MTL_ENABLE_DEBUG_INFO = YES;
				ONLY_ACTIVE_ARCH = YES;
				SDKROOT = iphoneos;
				SWIFT_ACTIVE_COMPILATION_CONDITIONS = DEBUG;
				SWIFT_OPTIMIZATION_LEVEL = "-Onone";
				TARGETED_DEVICE_FAMILY = "1,2";
			};
			name = Debug;
		};
		A8E4D86C1D74E56A00AFA1FE /* Release */ = {
			isa = XCBuildConfiguration;
			buildSettings = {
				ALWAYS_SEARCH_USER_PATHS = NO;
				CLANG_ANALYZER_NONNULL = YES;
				CLANG_CXX_LANGUAGE_STANDARD = "gnu++0x";
				CLANG_CXX_LIBRARY = "libc++";
				CLANG_ENABLE_MODULES = YES;
				CLANG_ENABLE_OBJC_ARC = YES;
				CLANG_WARN_BOOL_CONVERSION = YES;
				CLANG_WARN_CONSTANT_CONVERSION = YES;
				CLANG_WARN_DIRECT_OBJC_ISA_USAGE = YES_ERROR;
				CLANG_WARN_DOCUMENTATION_COMMENTS = YES;
				CLANG_WARN_EMPTY_BODY = YES;
				CLANG_WARN_ENUM_CONVERSION = YES;
				CLANG_WARN_INFINITE_RECURSION = YES;
				CLANG_WARN_INT_CONVERSION = YES;
				CLANG_WARN_OBJC_ROOT_CLASS = YES_ERROR;
				CLANG_WARN_SUSPICIOUS_MOVES = YES;
				CLANG_WARN_UNREACHABLE_CODE = YES;
				CLANG_WARN__DUPLICATE_METHOD_MATCH = YES;
				CODE_SIGN_IDENTITY = "iPhone Distribution";
				"CODE_SIGN_IDENTITY[sdk=iphoneos*]" = "iPhone Distribution";
				COPY_PHASE_STRIP = NO;
				DEBUG_INFORMATION_FORMAT = "dwarf-with-dsym";
				ENABLE_NS_ASSERTIONS = NO;
				ENABLE_STRICT_OBJC_MSGSEND = YES;
				GCC_C_LANGUAGE_STANDARD = gnu99;
				GCC_NO_COMMON_BLOCKS = YES;
				GCC_WARN_64_TO_32_BIT_CONVERSION = YES;
				GCC_WARN_ABOUT_RETURN_TYPE = YES_ERROR;
				GCC_WARN_UNDECLARED_SELECTOR = YES;
				GCC_WARN_UNINITIALIZED_AUTOS = YES_AGGRESSIVE;
				GCC_WARN_UNUSED_FUNCTION = YES;
				GCC_WARN_UNUSED_VARIABLE = YES;
				IPHONEOS_DEPLOYMENT_TARGET = 10.0;
				MTL_ENABLE_DEBUG_INFO = NO;
				SDKROOT = iphoneos;
				SWIFT_OPTIMIZATION_LEVEL = "-Owholemodule";
				TARGETED_DEVICE_FAMILY = "1,2";
				VALIDATE_PRODUCT = YES;
			};
			name = Release;
		};
		A8E4D86E1D74E56A00AFA1FE /* Debug */ = {
			isa = XCBuildConfiguration;
			buildSettings = {
				ASSETCATALOG_COMPILER_APPICON_NAME = AppIcon;
				DEVELOPMENT_TEAM = 462PHCYTGY;
				INFOPLIST_FILE = "$(SRCROOT)/BiasBike/Supporting Files/Info.plist";
				LD_RUNPATH_SEARCH_PATHS = "$(inherited) @executable_path/Frameworks";
				PRODUCT_BUNDLE_IDENTIFIER = co.tiguer.BiasBike;
				PRODUCT_NAME = "$(TARGET_NAME)";
				SWIFT_VERSION = 3.0;
			};
			name = Debug;
		};
		A8E4D86F1D74E56A00AFA1FE /* Release */ = {
			isa = XCBuildConfiguration;
			buildSettings = {
				ASSETCATALOG_COMPILER_APPICON_NAME = AppIcon;
				DEVELOPMENT_TEAM = 462PHCYTGY;
				INFOPLIST_FILE = "$(SRCROOT)/BiasBike/Supporting Files/Info.plist";
				LD_RUNPATH_SEARCH_PATHS = "$(inherited) @executable_path/Frameworks";
				PRODUCT_BUNDLE_IDENTIFIER = co.tiguer.BiasBike;
				PRODUCT_NAME = "$(TARGET_NAME)";
				SWIFT_VERSION = 3.0;
			};
			name = Release;
		};
		A8E4D8711D74E56A00AFA1FE /* Debug */ = {
			isa = XCBuildConfiguration;
			buildSettings = {
				ALWAYS_EMBED_SWIFT_STANDARD_LIBRARIES = YES;
				BUNDLE_LOADER = "$(TEST_HOST)";
				CLANG_ENABLE_MODULES = YES;
				DEVELOPMENT_TEAM = 462PHCYTGY;
				INFOPLIST_FILE = BiasBikeTests/Info.plist;
				LD_RUNPATH_SEARCH_PATHS = "$(inherited) @executable_path/Frameworks @loader_path/Frameworks";
				PRODUCT_BUNDLE_IDENTIFIER = co.tiguer.BiasBikeTests;
				PRODUCT_NAME = "$(TARGET_NAME)";
				SWIFT_OPTIMIZATION_LEVEL = "-Onone";
				SWIFT_VERSION = 3.0;
				TEST_HOST = "$(BUILT_PRODUCTS_DIR)/BiasBike.app/BiasBike";
			};
			name = Debug;
		};
		A8E4D8721D74E56A00AFA1FE /* Release */ = {
			isa = XCBuildConfiguration;
			buildSettings = {
				ALWAYS_EMBED_SWIFT_STANDARD_LIBRARIES = YES;
				BUNDLE_LOADER = "$(TEST_HOST)";
				CLANG_ENABLE_MODULES = YES;
				DEVELOPMENT_TEAM = 462PHCYTGY;
				INFOPLIST_FILE = BiasBikeTests/Info.plist;
				LD_RUNPATH_SEARCH_PATHS = "$(inherited) @executable_path/Frameworks @loader_path/Frameworks";
				PRODUCT_BUNDLE_IDENTIFIER = co.tiguer.BiasBikeTests;
				PRODUCT_NAME = "$(TARGET_NAME)";
				SWIFT_VERSION = 3.0;
				TEST_HOST = "$(BUILT_PRODUCTS_DIR)/BiasBike.app/BiasBike";
			};
			name = Release;
		};
		A8E4D8741D74E56A00AFA1FE /* Debug */ = {
			isa = XCBuildConfiguration;
			buildSettings = {
				ALWAYS_EMBED_SWIFT_STANDARD_LIBRARIES = YES;
				DEVELOPMENT_TEAM = 462PHCYTGY;
				INFOPLIST_FILE = BiasBikeUITests/Info.plist;
				LD_RUNPATH_SEARCH_PATHS = "$(inherited) @executable_path/Frameworks @loader_path/Frameworks";
				PRODUCT_BUNDLE_IDENTIFIER = co.tiguer.BiasBikeUITests;
				PRODUCT_NAME = "$(TARGET_NAME)";
				SWIFT_VERSION = 3.0;
				TEST_TARGET_NAME = BiasBike;
			};
			name = Debug;
		};
		A8E4D8751D74E56A00AFA1FE /* Release */ = {
			isa = XCBuildConfiguration;
			buildSettings = {
				ALWAYS_EMBED_SWIFT_STANDARD_LIBRARIES = YES;
				DEVELOPMENT_TEAM = 462PHCYTGY;
				INFOPLIST_FILE = BiasBikeUITests/Info.plist;
				LD_RUNPATH_SEARCH_PATHS = "$(inherited) @executable_path/Frameworks @loader_path/Frameworks";
				PRODUCT_BUNDLE_IDENTIFIER = co.tiguer.BiasBikeUITests;
				PRODUCT_NAME = "$(TARGET_NAME)";
				SWIFT_VERSION = 3.0;
				TEST_TARGET_NAME = BiasBike;
			};
			name = Release;
		};
/* End XCBuildConfiguration section */

/* Begin XCConfigurationList section */
		A8E4D83E1D74E56900AFA1FE /* Build configuration list for PBXProject "BiasBike" */ = {
			isa = XCConfigurationList;
			buildConfigurations = (
				A8E4D86B1D74E56A00AFA1FE /* Debug */,
				A8E4D86C1D74E56A00AFA1FE /* Release */,
			);
			defaultConfigurationIsVisible = 0;
			defaultConfigurationName = Release;
		};
		A8E4D86D1D74E56A00AFA1FE /* Build configuration list for PBXNativeTarget "BiasBike" */ = {
			isa = XCConfigurationList;
			buildConfigurations = (
				A8E4D86E1D74E56A00AFA1FE /* Debug */,
				A8E4D86F1D74E56A00AFA1FE /* Release */,
			);
			defaultConfigurationIsVisible = 0;
			defaultConfigurationName = Release;
		};
		A8E4D8701D74E56A00AFA1FE /* Build configuration list for PBXNativeTarget "BiasBikeTests" */ = {
			isa = XCConfigurationList;
			buildConfigurations = (
				A8E4D8711D74E56A00AFA1FE /* Debug */,
				A8E4D8721D74E56A00AFA1FE /* Release */,
			);
			defaultConfigurationIsVisible = 0;
			defaultConfigurationName = Release;
		};
		A8E4D8731D74E56A00AFA1FE /* Build configuration list for PBXNativeTarget "BiasBikeUITests" */ = {
			isa = XCConfigurationList;
			buildConfigurations = (
				A8E4D8741D74E56A00AFA1FE /* Debug */,
				A8E4D8751D74E56A00AFA1FE /* Release */,
			);
			defaultConfigurationIsVisible = 0;
			defaultConfigurationName = Release;
		};
/* End XCConfigurationList section */
	};
	rootObject = A8E4D83B1D74E56900AFA1FE /* Project object */;
}
